
Microsoft Visual Studio Solution File, Format Version 12.00
# Visual Studio Version 17
VisualStudioVersion = 17.9.34622.214
MinimumVisualStudioVersion = 10.0.40219.1
Project("{FAE04EC0-301F-11D3-BF4B-00C04F79EFBC}") = "test22", "test22\test22.csproj", "{ADBC5BF7-AD69-4036-A922-149020E939BB}"
EndProject
Project("{FAE04EC0-301F-11D3-BF4B-00C04F79EFBC}") = "test3", "test3\test3.csproj", "{98C85204-3764-48F2-9AFB-D6CA69CC364C}"
EndProject
Project("{FAE04EC0-301F-11D3-BF4B-00C04F79EFBC}") = "test4", "test4\test4.csproj", "{3B42E961-E54A-4DB5-9165-1F06C920FF20}"
EndProject
Project("{FAE04EC0-301F-11D3-BF4B-00C04F79EFBC}") = "test5", "test5\test5.csproj", "{3C6504CD-1B1F-4EBD-9BA3-4ECF5E5BA377}"
EndProject
Project("{FAE04EC0-301F-11D3-BF4B-00C04F79EFBC}") = "test1.1", "test1.1\test1.1.csproj", "{96EDFFAD-7AC2-4670-B806-4ECC767F7A08}"
EndProject
Project("{FAE04EC0-301F-11D3-BF4B-00C04F79EFBC}") = "test6", "test6\test6.csproj", "{4BD3EC24-AE74-4868-AC17-E83DEE7F74CA}"
EndProject
Project("{FAE04EC0-301F-11D3-BF4B-00C04F79EFBC}") = "test7.1", "test7.1\test7.1.csproj", "{9C5F3633-EB67-49D5-A9D4-97F6B809008B}"
EndProject
Project("{FAE04EC0-301F-11D3-BF4B-00C04F79EFBC}") = "test8", "test8\test8.csproj", "{ACDA603A-D2FF-4A1F-B53B-BDABA7FA0154}"
EndProject
Project("{FAE04EC0-301F-11D3-BF4B-00C04F79EFBC}") = "Test9", "Test9\Test9.csproj", "{ED1A78DC-D65F-41D1-98F7-F16290161917}"
EndProject
Project("{FAE04EC0-301F-11D3-BF4B-00C04F79EFBC}") = "test10", "test10\test10.csproj", "{1BDC3019-80F0-4524-9837-625F2D31111B}"
EndProject
Project("{FAE04EC0-301F-11D3-BF4B-00C04F79EFBC}") = "test11", "test11\test11.csproj", "{043F8063-8D12-4BFF-8C8F-7BAA5B585270}"
EndProject
Project("{FAE04EC0-301F-11D3-BF4B-00C04F79EFBC}") = "test12", "test12\test12.csproj", "{9AFEB8CE-74CB-4B26-94C6-7AFB5A8B7464}"
EndProject
Global
	GlobalSection(SolutionConfigurationPlatforms) = preSolution
		Debug|Any CPU = Debug|Any CPU
		Release|Any CPU = Release|Any CPU
	EndGlobalSection
	GlobalSection(ProjectConfigurationPlatforms) = postSolution
		{ADBC5BF7-AD69-4036-A922-149020E939BB}.Debug|Any CPU.ActiveCfg = Debug|Any CPU
		{ADBC5BF7-AD69-4036-A922-149020E939BB}.Debug|Any CPU.Build.0 = Debug|Any CPU
		{ADBC5BF7-AD69-4036-A922-149020E939BB}.Release|Any CPU.ActiveCfg = Release|Any CPU
		{ADBC5BF7-AD69-4036-A922-149020E939BB}.Release|Any CPU.Build.0 = Release|Any CPU
		{98C85204-3764-48F2-9AFB-D6CA69CC364C}.Debug|Any CPU.ActiveCfg = Debug|Any CPU
		{98C85204-3764-48F2-9AFB-D6CA69CC364C}.Debug|Any CPU.Build.0 = Debug|Any CPU
		{98C85204-3764-48F2-9AFB-D6CA69CC364C}.Release|Any CPU.ActiveCfg = Release|Any CPU
		{98C85204-3764-48F2-9AFB-D6CA69CC364C}.Release|Any CPU.Build.0 = Release|Any CPU
		{3B42E961-E54A-4DB5-9165-1F06C920FF20}.Debug|Any CPU.ActiveCfg = Debug|Any CPU
		{3B42E961-E54A-4DB5-9165-1F06C920FF20}.Debug|Any CPU.Build.0 = Debug|Any CPU
		{3B42E961-E54A-4DB5-9165-1F06C920FF20}.Release|Any CPU.ActiveCfg = Release|Any CPU
		{3B42E961-E54A-4DB5-9165-1F06C920FF20}.Release|Any CPU.Build.0 = Release|Any CPU
		{3C6504CD-1B1F-4EBD-9BA3-4ECF5E5BA377}.Debug|Any CPU.ActiveCfg = Debug|Any CPU
		{3C6504CD-1B1F-4EBD-9BA3-4ECF5E5BA377}.Debug|Any CPU.Build.0 = Debug|Any CPU
		{3C6504CD-1B1F-4EBD-9BA3-4ECF5E5BA377}.Release|Any CPU.ActiveCfg = Release|Any CPU
		{3C6504CD-1B1F-4EBD-9BA3-4ECF5E5BA377}.Release|Any CPU.Build.0 = Release|Any CPU
		{96EDFFAD-7AC2-4670-B806-4ECC767F7A08}.Debug|Any CPU.ActiveCfg = Debug|Any CPU
		{96EDFFAD-7AC2-4670-B806-4ECC767F7A08}.Debug|Any CPU.Build.0 = Debug|Any CPU
		{96EDFFAD-7AC2-4670-B806-4ECC767F7A08}.Release|Any CPU.ActiveCfg = Release|Any CPU
		{96EDFFAD-7AC2-4670-B806-4ECC767F7A08}.Release|Any CPU.Build.0 = Release|Any CPU
		{4BD3EC24-AE74-4868-AC17-E83DEE7F74CA}.Debug|Any CPU.ActiveCfg = Debug|Any CPU
		{4BD3EC24-AE74-4868-AC17-E83DEE7F74CA}.Debug|Any CPU.Build.0 = Debug|Any CPU
		{4BD3EC24-AE74-4868-AC17-E83DEE7F74CA}.Release|Any CPU.ActiveCfg = Release|Any CPU
		{4BD3EC24-AE74-4868-AC17-E83DEE7F74CA}.Release|Any CPU.Build.0 = Release|Any CPU
		{9C5F3633-EB67-49D5-A9D4-97F6B809008B}.Debug|Any CPU.ActiveCfg = Debug|Any CPU
		{9C5F3633-EB67-49D5-A9D4-97F6B809008B}.Debug|Any CPU.Build.0 = Debug|Any CPU
		{9C5F3633-EB67-49D5-A9D4-97F6B809008B}.Release|Any CPU.ActiveCfg = Release|Any CPU
		{9C5F3633-EB67-49D5-A9D4-97F6B809008B}.Release|Any CPU.Build.0 = Release|Any CPU
		{ACDA603A-D2FF-4A1F-B53B-BDABA7FA0154}.Debug|Any CPU.ActiveCfg = Debug|Any CPU
		{ACDA603A-D2FF-4A1F-B53B-BDABA7FA0154}.Debug|Any CPU.Build.0 = Debug|Any CPU
		{ACDA603A-D2FF-4A1F-B53B-BDABA7FA0154}.Release|Any CPU.ActiveCfg = Release|Any CPU
		{ACDA603A-D2FF-4A1F-B53B-BDABA7FA0154}.Release|Any CPU.Build.0 = Release|Any CPU
		{ED1A78DC-D65F-41D1-98F7-F16290161917}.Debug|Any CPU.ActiveCfg = Debug|Any CPU
		{ED1A78DC-D65F-41D1-98F7-F16290161917}.Debug|Any CPU.Build.0 = Debug|Any CPU
		{ED1A78DC-D65F-41D1-98F7-F16290161917}.Release|Any CPU.ActiveCfg = Release|Any CPU
		{ED1A78DC-D65F-41D1-98F7-F16290161917}.Release|Any CPU.Build.0 = Release|Any CPU
		{1BDC3019-80F0-4524-9837-625F2D31111B}.Debug|Any CPU.ActiveCfg = Debug|Any CPU
		{1BDC3019-80F0-4524-9837-625F2D31111B}.Debug|Any CPU.Build.0 = Debug|Any CPU
		{1BDC3019-80F0-4524-9837-625F2D31111B}.Release|Any CPU.ActiveCfg = Release|Any CPU
		{1BDC3019-80F0-4524-9837-625F2D31111B}.Release|Any CPU.Build.0 = Release|Any CPU
		{043F8063-8D12-4BFF-8C8F-7BAA5B585270}.Debug|Any CPU.ActiveCfg = Debug|Any CPU
		{043F8063-8D12-4BFF-8C8F-7BAA5B585270}.Debug|Any CPU.Build.0 = Debug|Any CPU
		{043F8063-8D12-4BFF-8C8F-7BAA5B585270}.Release|Any CPU.ActiveCfg = Release|Any CPU
		{043F8063-8D12-4BFF-8C8F-7BAA5B585270}.Release|Any CPU.Build.0 = Release|Any CPU
		{9AFEB8CE-74CB-4B26-94C6-7AFB5A8B7464}.Debug|Any CPU.ActiveCfg = Debug|Any CPU
		{9AFEB8CE-74CB-4B26-94C6-7AFB5A8B7464}.Debug|Any CPU.Build.0 = Debug|Any CPU
		{9AFEB8CE-74CB-4B26-94C6-7AFB5A8B7464}.Release|Any CPU.ActiveCfg = Release|Any CPU
		{9AFEB8CE-74CB-4B26-94C6-7AFB5A8B7464}.Release|Any CPU.Build.0 = Release|Any CPU
	EndGlobalSection
	GlobalSection(SolutionProperties) = preSolution
		HideSolutionNode = FALSE
	EndGlobalSection
	GlobalSection(ExtensibilityGlobals) = postSolution
		SolutionGuid = {92BF46A4-196F-4F3D-9981-6A9E3E10454F}
	EndGlobalSection
EndGlobal
